<?xml version="1.0" encoding="utf-8"?>
<Project ToolsVersion="4.0" xmlns="http://schemas.microsoft.com/developer/msbuild/2003">
  <ItemGroup>
    <Filter Include="소스 파일">
      <UniqueIdentifier>{4FC737F1-C7A5-4376-A066-2A32D752A2FF}</UniqueIdentifier>
      <Extensions>cpp;c;cc;cxx;c++;cppm;ixx;def;odl;idl;hpj;bat;asm;asmx</Extensions>
    </Filter>
    <Filter Include="헤더 파일">
      <UniqueIdentifier>{93995380-89BD-4b04-88EB-625FBE52EBFB}</UniqueIdentifier>
      <Extensions>h;hh;hpp;hxx;h++;hm;inl;inc;ipp;xsd</Extensions>
    </Filter>
    <Filter Include="리소스 파일">
      <UniqueIdentifier>{67DA6AB6-F800-4c08-8B7A-83BB121AAD01}</UniqueIdentifier>
      <Extensions>rc;ico;cur;bmp;dlg;rc2;rct;bin;rgs;gif;jpg;jpeg;jpe;resx;tiff;tif;png;wav;mfcribbon-ms</Extensions>
    </Filter>
    <Filter Include="헬로월드">
      <UniqueIdentifier>{0ab5168e-6f8f-46ff-bb06-920d905879ce}</UniqueIdentifier>
    </Filter>
    <Filter Include="리소스 파일\ㅈ같네">
      <UniqueIdentifier>{1732cadb-d92e-42d7-b567-0b4346beb126}</UniqueIdentifier>
    </Filter>
    <Filter Include="리소스 파일\모양">
      <UniqueIdentifier>{1b4f5595-befb-4c3f-ac11-fbe13d03912c}</UniqueIdentifier>
    </Filter>
  </ItemGroup>
  <ItemGroup>
    <ClCompile Include="HellowWorld.cpp">
      <Filter>소스 파일</Filter>
    </ClCompile>
    <ClCompile Include="header.cpp">
      <Filter>소스 파일</Filter>
    </ClCompile>
    <ClCompile Include="TestMath.cpp">
      <Filter>소스 파일</Filter>
    </ClCompile>
    <ClCompile Include="Practice_0905.cpp">
      <Filter>소스 파일</Filter>
    </ClCompile>
    <ClCompile Include="Day0908.cpp">
      <Filter>소스 파일</Filter>
    </ClCompile>
    <ClCompile Include="Day0909.cpp">
      <Filter>소스 파일</Filter>
    </ClCompile>
    <ClCompile Include="Day0910.cpp">
      <Filter>소스 파일</Filter>
    </ClCompile>
    <ClCompile Include="Personal notes.cpp">
      <Filter>소스 파일</Filter>
    </ClCompile>
    <ClCompile Include="Just Only Check.cpp">
      <Filter>소스 파일</Filter>
    </ClCompile>
    <ClCompile Include="Day0911.cpp">
      <Filter>소스 파일</Filter>
    </ClCompile>
    <ClCompile Include="Day0912.cpp">
      <Filter>소스 파일</Filter>
    </ClCompile>
    <ClCompile Include="주말과제.cpp">
      <Filter>소스 파일</Filter>
    </ClCompile>
    <ClCompile Include="Day0915.cpp">
      <Filter>소스 파일</Filter>
    </ClCompile>
    <ClCompile Include="이런느낌.cpp">
      <Filter>소스 파일</Filter>
    </ClCompile>
    <ClCompile Include="연습장.cpp">
      <Filter>소스 파일</Filter>
    </ClCompile>
    <ClCompile Include="Day0916.cpp">
      <Filter>소스 파일</Filter>
    </ClCompile>
    <ClCompile Include="Animal.cpp">
      <Filter>리소스 파일\ㅈ같네</Filter>
    </ClCompile>
    <ClCompile Include="Blackjack.cpp">
      <Filter>소스 파일</Filter>
    </ClCompile>
    <ClCompile Include="Car.cpp">
      <Filter>소스 파일</Filter>
    </ClCompile>
    <ClCompile Include="Tiger.cpp">
      <Filter>리소스 파일\ㅈ같네</Filter>
    </ClCompile>
    <ClCompile Include="fuck.cpp">
      <Filter>소스 파일</Filter>
    </ClCompile>
    <ClCompile Include="Monster.cpp">
      <Filter>소스 파일</Filter>
    </ClCompile>
    <ClCompile Include="Day0917.cpp">
      <Filter>소스 파일</Filter>
    </ClCompile>
    <ClCompile Include="Hawk.cpp">
      <Filter>리소스 파일\ㅈ같네</Filter>
    </ClCompile>
    <ClCompile Include="Dog.cpp">
      <Filter>리소스 파일\ㅈ같네</Filter>
    </ClCompile>
    <ClCompile Include="Shape.cpp">
      <Filter>리소스 파일\모양</Filter>
    </ClCompile>
    <ClCompile Include="IFlyable.cpp">
      <Filter>리소스 파일\ㅈ같네</Filter>
    </ClCompile>
  </ItemGroup>
  <ItemGroup>
    <ClInclude Include="header.h">
      <Filter>헤더 파일</Filter>
    </ClInclude>
    <ClInclude Include="TestMath.h">
      <Filter>헤더 파일</Filter>
    </ClInclude>
    <ClInclude Include="Practice_0905.h">
      <Filter>헤더 파일</Filter>
    </ClInclude>
    <ClInclude Include="Day0908.h">
      <Filter>헤더 파일</Filter>
    </ClInclude>
    <ClInclude Include="Day0909.h">
      <Filter>헤더 파일</Filter>
    </ClInclude>
    <ClInclude Include="Day0910.h">
      <Filter>헤더 파일</Filter>
    </ClInclude>
    <ClInclude Include="Day0911.h">
      <Filter>헤더 파일</Filter>
    </ClInclude>
    <ClInclude Include="Day0912.h">
      <Filter>헤더 파일</Filter>
    </ClInclude>
    <ClInclude Include="주말과제.h">
      <Filter>헤더 파일</Filter>
    </ClInclude>
    <ClInclude Include="Position.h">
      <Filter>헤더 파일</Filter>
    </ClInclude>
    <ClInclude Include="Day0915.h">
      <Filter>헤더 파일</Filter>
    </ClInclude>
    <ClInclude Include="Blackjack.h">
      <Filter>헤더 파일</Filter>
    </ClInclude>
    <ClInclude Include="이런느낌.h">
      <Filter>헤더 파일</Filter>
    </ClInclude>
    <ClInclude Include="Car.h">
      <Filter>헤더 파일</Filter>
    </ClInclude>
    <ClInclude Include="Day0916.h">
      <Filter>헤더 파일</Filter>
    </ClInclude>
    <ClInclude Include="Tiger.h">
      <Filter>리소스 파일\ㅈ같네</Filter>
    </ClInclude>
    <ClInclude Include="fuck.h">
      <Filter>헤더 파일</Filter>
    </ClInclude>
    <ClInclude Include="Monster.h">
      <Filter>헤더 파일</Filter>
    </ClInclude>
    <ClInclude Include="HellowWorld.h">
      <Filter>헤더 파일</Filter>
    </ClInclude>
    <ClInclude Include="Animal.h">
      <Filter>리소스 파일\ㅈ같네</Filter>
    </ClInclude>
    <ClInclude Include="Day0917.h">
      <Filter>헤더 파일</Filter>
    </ClInclude>
    <ClInclude Include="Hawk.h">
      <Filter>리소스 파일\ㅈ같네</Filter>
    </ClInclude>
    <ClInclude Include="TeseSample.h">
      <Filter>헤더 파일</Filter>
    </ClInclude>
    <ClInclude Include="Dog.h">
      <Filter>리소스 파일\ㅈ같네</Filter>
    </ClInclude>
    <ClInclude Include="Shape.h">
      <Filter>리소스 파일\모양</Filter>
    </ClInclude>
    <ClInclude Include="IFlyable.h">
      <Filter>리소스 파일\모양</Filter>
    </ClInclude>
  </ItemGroup>
</Project>