
Microsoft Visual Studio Solution File, Format Version 12.00
# Visual Studio Version 17
VisualStudioVersion = 17.14.36414.22 d17.14
MinimumVisualStudioVersion = 10.0.40219.1
Project("{8BC9CEB8-8B4A-11D0-8D11-00A0C91BC942}") = "HellowWorld", "HellowWorld\HellowWorld.vcxproj", "{948ED195-6E7A-4292-A59D-B2A8C133560D}"
EndProject
Global
	GlobalSection(SolutionConfigurationPlatforms) = preSolution
		Debug|x64 = Debug|x64
		Debug|x86 = Debug|x86
		Release|x64 = Release|x64
		Release|x86 = Release|x86
	EndGlobalSection
	GlobalSection(ProjectConfigurationPlatforms) = postSolution
		{948ED195-6E7A-4292-A59D-B2A8C133560D}.Debug|x64.ActiveCfg = Debug|x64
		{948ED195-6E7A-4292-A59D-B2A8C133560D}.Debug|x64.Build.0 = Debug|x64
		{948ED195-6E7A-4292-A59D-B2A8C133560D}.Debug|x86.ActiveCfg = Debug|Win32
		{948ED195-6E7A-4292-A59D-B2A8C133560D}.Debug|x86.Build.0 = Debug|Win32
		{948ED195-6E7A-4292-A59D-B2A8C133560D}.Release|x64.ActiveCfg = Release|x64
		{948ED195-6E7A-4292-A59D-B2A8C133560D}.Release|x64.Build.0 = Release|x64
		{948ED195-6E7A-4292-A59D-B2A8C133560D}.Release|x86.ActiveCfg = Release|Win32
		{948ED195-6E7A-4292-A59D-B2A8C133560D}.Release|x86.Build.0 = Release|Win32
	EndGlobalSection
	GlobalSection(SolutionProperties) = preSolution
		HideSolutionNode = FALSE
	EndGlobalSection
	GlobalSection(ExtensibilityGlobals) = postSolution
		SolutionGuid = {EF69E924-9FBB-4763-A272-18841AB7E2D9}
	EndGlobalSection
EndGlobal
